
Microsoft Visual Studio Solution File, Format Version 12.00
# Visual Studio Version 16
VisualStudioVersion = 16.0.29306.81
MinimumVisualStudioVersion = 10.0.40219.1
Project("{FAE04EC0-301F-11D3-BF4B-00C04F79EFBC}") = "SimpleApp", "SimpleApp\SimpleApp.csproj", "{47DD8590-E72B-4588-AE4B-FA16F097049C}"
EndProject
Global
	GlobalSection(SolutionConfigurationPlatforms) = preSolution
		Debug|Any CPU = Debug|Any CPU
		Release|Any CPU = Release|Any CPU
	EndGlobalSection
	GlobalSection(ProjectConfigurationPlatforms) = postSolution
		{47DD8590-E72B-4588-AE4B-FA16F097049C}.Debug|Any CPU.ActiveCfg = Debug|Any CPU
		{47DD8590-E72B-4588-AE4B-FA16F097049C}.Debug|Any CPU.Build.0 = Debug|Any CPU
		{47DD8590-E72B-4588-AE4B-FA16F097049C}.Release|Any CPU.ActiveCfg = Release|Any CPU
		{47DD8590-E72B-4588-AE4B-FA16F097049C}.Release|Any CPU.Build.0 = Release|Any CPU
	EndGlobalSection
	GlobalSection(SolutionProperties) = preSolution
		HideSolutionNode = FALSE
	EndGlobalSection
	GlobalSection(ExtensibilityGlobals) = postSolution
		SolutionGuid = {E9A0EB46-C555-4176-9FC2-7AF5A84EFE5F}
	EndGlobalSection
EndGlobal
